
Microsoft Visual Studio Solution File, Format Version 12.00
# Visual Studio Version 16
VisualStudioVersion = 16.0.31321.278
MinimumVisualStudioVersion = 10.0.40219.1
Project("{FAE04EC0-301F-11D3-BF4B-00C04F79EFBC}") = "OOP-lab7-serialization", "OOP-lab7-serialization\OOP-lab7-serialization.csproj", "{B9083C6E-B577-4A57-94F1-17B5F0934653}"
EndProject
Global
	GlobalSection(SolutionConfigurationPlatforms) = preSolution
		Debug|Any CPU = Debug|Any CPU
		Release|Any CPU = Release|Any CPU
	EndGlobalSection
	GlobalSection(ProjectConfigurationPlatforms) = postSolution
		{B9083C6E-B577-4A57-94F1-17B5F0934653}.Debug|Any CPU.ActiveCfg = Debug|Any CPU
		{B9083C6E-B577-4A57-94F1-17B5F0934653}.Debug|Any CPU.Build.0 = Debug|Any CPU
		{B9083C6E-B577-4A57-94F1-17B5F0934653}.Release|Any CPU.ActiveCfg = Release|Any CPU
		{B9083C6E-B577-4A57-94F1-17B5F0934653}.Release|Any CPU.Build.0 = Release|Any CPU
	EndGlobalSection
	GlobalSection(SolutionProperties) = preSolution
		HideSolutionNode = FALSE
	EndGlobalSection
	GlobalSection(ExtensibilityGlobals) = postSolution
		SolutionGuid = {7B9B8A62-C158-4279-9545-CA5EB178CDCE}
	EndGlobalSection
EndGlobal
