
Microsoft Visual Studio Solution File, Format Version 12.00
# Visual Studio Version 16
VisualStudioVersion = 16.0.30804.86
MinimumVisualStudioVersion = 10.0.40219.1
Project("{FAE04EC0-301F-11D3-BF4B-00C04F79EFBC}") = "OOP-lab1", "OOP-lab1\OOP-lab1.csproj", "{6137482A-A7B8-4492-B045-52E7EA72581E}"
EndProject
Global
	GlobalSection(SolutionConfigurationPlatforms) = preSolution
		Debug|Any CPU = Debug|Any CPU
		Release|Any CPU = Release|Any CPU
	EndGlobalSection
	GlobalSection(ProjectConfigurationPlatforms) = postSolution
		{6137482A-A7B8-4492-B045-52E7EA72581E}.Debug|Any CPU.ActiveCfg = Debug|Any CPU
		{6137482A-A7B8-4492-B045-52E7EA72581E}.Debug|Any CPU.Build.0 = Debug|Any CPU
		{6137482A-A7B8-4492-B045-52E7EA72581E}.Release|Any CPU.ActiveCfg = Release|Any CPU
		{6137482A-A7B8-4492-B045-52E7EA72581E}.Release|Any CPU.Build.0 = Release|Any CPU
	EndGlobalSection
	GlobalSection(SolutionProperties) = preSolution
		HideSolutionNode = FALSE
	EndGlobalSection
	GlobalSection(ExtensibilityGlobals) = postSolution
		SolutionGuid = {3EDC1224-3CCC-4009-BEC5-496C7E65DB66}
	EndGlobalSection
EndGlobal
